// !$*UTF8*$!
{
	archiveVersion = 1;
	classes = {
	};
	objectVersion = 55;
	objects = {

/* Begin PBXBuildFile section */
		B2033C6228C186F900D69A6C /* AuthViewModel.swift in Sources */ = {isa = PBXBuildFile; fileRef = B2033C6128C186F900D69A6C /* AuthViewModel.swift */; };
		B266E5AA28CA38B3006673CE /* UploadPostViewModel.swift in Sources */ = {isa = PBXBuildFile; fileRef = B266E5A928CA38B3006673CE /* UploadPostViewModel.swift */; };
		B266E5AC28CA38FA006673CE /* SearchViewModel.swift in Sources */ = {isa = PBXBuildFile; fileRef = B266E5AB28CA38FA006673CE /* SearchViewModel.swift */; };
		B289D89F28BCE62C00BDB10F /* InstagramSwiftUIApp.swift in Sources */ = {isa = PBXBuildFile; fileRef = B289D89E28BCE62C00BDB10F /* InstagramSwiftUIApp.swift */; };
		B289D8A328BCE62F00BDB10F /* Assets.xcassets in Resources */ = {isa = PBXBuildFile; fileRef = B289D8A228BCE62F00BDB10F /* Assets.xcassets */; };
		B289D8A628BCE62F00BDB10F /* Preview Assets.xcassets in Resources */ = {isa = PBXBuildFile; fileRef = B289D8A528BCE62F00BDB10F /* Preview Assets.xcassets */; };
		B289D8B728BCE75400BDB10F /* ContentView.swift in Sources */ = {isa = PBXBuildFile; fileRef = B289D8B628BCE75400BDB10F /* ContentView.swift */; };
		B289D8C428BCEB5D00BDB10F /* MainTabView.swift in Sources */ = {isa = PBXBuildFile; fileRef = B289D8C328BCEB5D00BDB10F /* MainTabView.swift */; };
		B289D8C628BCEB9B00BDB10F /* FeedView.swift in Sources */ = {isa = PBXBuildFile; fileRef = B289D8C528BCEB9B00BDB10F /* FeedView.swift */; };
		B289D8C928BCEBF200BDB10F /* SearchView.swift in Sources */ = {isa = PBXBuildFile; fileRef = B289D8C828BCEBF200BDB10F /* SearchView.swift */; };
		B289D8CB28BCEC0800BDB10F /* NotificationsView.swift in Sources */ = {isa = PBXBuildFile; fileRef = B289D8CA28BCEC0800BDB10F /* NotificationsView.swift */; };
		B289D8CE28BCEC2A00BDB10F /* ProfileView.swift in Sources */ = {isa = PBXBuildFile; fileRef = B289D8CD28BCEC2A00BDB10F /* ProfileView.swift */; };
		B289D8D028BCEC4800BDB10F /* UploadPostView.swift in Sources */ = {isa = PBXBuildFile; fileRef = B289D8CF28BCEC4800BDB10F /* UploadPostView.swift */; };
		B2AE57E428CB685100322D08 /* Comment.swift in Sources */ = {isa = PBXBuildFile; fileRef = B2AE57E328CB685100322D08 /* Comment.swift */; };
		B2AE57E628CB685F00322D08 /* CommentsView.swift in Sources */ = {isa = PBXBuildFile; fileRef = B2AE57E528CB685F00322D08 /* CommentsView.swift */; };
		B2AE57E828CB687B00322D08 /* CommentCell.swift in Sources */ = {isa = PBXBuildFile; fileRef = B2AE57E728CB687B00322D08 /* CommentCell.swift */; };
		B2AE57EA28CB689300322D08 /* CommentViewModel.swift in Sources */ = {isa = PBXBuildFile; fileRef = B2AE57E928CB689300322D08 /* CommentViewModel.swift */; };
		B2AE57EC28CB6D0900322D08 /* CustomerInputView.swift in Sources */ = {isa = PBXBuildFile; fileRef = B2AE57EB28CB6D0900322D08 /* CustomerInputView.swift */; };
		B2B8D99F28BED45B008907A5 /* Extensions.swift in Sources */ = {isa = PBXBuildFile; fileRef = B2B8D99E28BED45B008907A5 /* Extensions.swift */; };
		B2B8D9A328BEDC50008907A5 /* NotificationCell.swift in Sources */ = {isa = PBXBuildFile; fileRef = B2B8D9A228BEDC50008907A5 /* NotificationCell.swift */; };
		B2B8D9A528BEDFD6008907A5 /* ProfileHeaderView.swift in Sources */ = {isa = PBXBuildFile; fileRef = B2B8D9A428BEDFD6008907A5 /* ProfileHeaderView.swift */; };
		B2B8D9A728BEE517008907A5 /* UserStatView.swift in Sources */ = {isa = PBXBuildFile; fileRef = B2B8D9A628BEE517008907A5 /* UserStatView.swift */; };
		B2B8D9A928BEE6E6008907A5 /* ProfileActionButtonView.swift in Sources */ = {isa = PBXBuildFile; fileRef = B2B8D9A828BEE6E6008907A5 /* ProfileActionButtonView.swift */; };
		B2B9778E28CC07BE002FF00B /* Notification.swift in Sources */ = {isa = PBXBuildFile; fileRef = B2B9778D28CC07BE002FF00B /* Notification.swift */; };
		B2B9779028CC0C26002FF00B /* NotificationsViewModel.swift in Sources */ = {isa = PBXBuildFile; fileRef = B2B9778F28CC0C26002FF00B /* NotificationsViewModel.swift */; };
		B2BC9CD828C4C88900251D40 /* Constants.swift in Sources */ = {isa = PBXBuildFile; fileRef = B2BC9CD728C4C88900251D40 /* Constants.swift */; };
		B2BC9CDA28C4CCFA00251D40 /* User.swift in Sources */ = {isa = PBXBuildFile; fileRef = B2BC9CD928C4CCFA00251D40 /* User.swift */; };
		B2BC9CDD28C4D22F00251D40 /* FirebaseAuth in Frameworks */ = {isa = PBXBuildFile; productRef = B2BC9CDC28C4D22F00251D40 /* FirebaseAuth */; };
		B2BC9CDF28C4D22F00251D40 /* FirebaseFirestore in Frameworks */ = {isa = PBXBuildFile; productRef = B2BC9CDE28C4D22F00251D40 /* FirebaseFirestore */; };
		B2BC9CE128C4D22F00251D40 /* FirebaseFirestoreSwift in Frameworks */ = {isa = PBXBuildFile; productRef = B2BC9CE028C4D22F00251D40 /* FirebaseFirestoreSwift */; };
		B2BC9CE328C4D22F00251D40 /* FirebaseFunctions in Frameworks */ = {isa = PBXBuildFile; productRef = B2BC9CE228C4D22F00251D40 /* FirebaseFunctions */; };
		B2BC9CE528C4D22F00251D40 /* FirebaseMessaging in Frameworks */ = {isa = PBXBuildFile; productRef = B2BC9CE428C4D22F00251D40 /* FirebaseMessaging */; };
		B2BC9CE728C4D22F00251D40 /* FirebaseStorage in Frameworks */ = {isa = PBXBuildFile; productRef = B2BC9CE628C4D22F00251D40 /* FirebaseStorage */; };
		B2BC9CEA28C4D41100251D40 /* FirebaseAuth in Frameworks */ = {isa = PBXBuildFile; productRef = B2BC9CE928C4D41100251D40 /* FirebaseAuth */; };
		B2BFEFAD28CA1C3300C001AF /* PostGridViewModel.swift in Sources */ = {isa = PBXBuildFile; fileRef = B2BFEFAC28CA1C3300C001AF /* PostGridViewModel.swift */; };
		B2C0BBBB28BF81B3007F5A83 /* ImagePicker.swift in Sources */ = {isa = PBXBuildFile; fileRef = B2C0BBBA28BF81B3007F5A83 /* ImagePicker.swift */; };
		B2C1810D28C8A139000B8A75 /* TextArea.swift in Sources */ = {isa = PBXBuildFile; fileRef = B2C1810C28C8A139000B8A75 /* TextArea.swift */; };
		B2C1810F28C8A8AA000B8A75 /* Post.swift in Sources */ = {isa = PBXBuildFile; fileRef = B2C1810E28C8A8AA000B8A75 /* Post.swift */; };
		B2C1811128C8AA32000B8A75 /* FeedViewModel.swift in Sources */ = {isa = PBXBuildFile; fileRef = B2C1811028C8AA32000B8A75 /* FeedViewModel.swift */; };
		B2C384DC28BE3A1800D64F72 /* SearchBar.swift in Sources */ = {isa = PBXBuildFile; fileRef = B2C384DB28BE3A1800D64F72 /* SearchBar.swift */; };
		B2C384DE28BE3CA000D64F72 /* PostGridView.swift in Sources */ = {isa = PBXBuildFile; fileRef = B2C384DD28BE3CA000D64F72 /* PostGridView.swift */; };
		B2C384E028BE3E7F00D64F72 /* UsersCell.swift in Sources */ = {isa = PBXBuildFile; fileRef = B2C384DF28BE3E7F00D64F72 /* UsersCell.swift */; };
		B2C384E228BE3E8F00D64F72 /* UserListView.swift in Sources */ = {isa = PBXBuildFile; fileRef = B2C384E128BE3E8F00D64F72 /* UserListView.swift */; };
		B2C5DCEA28C02E7D000A5C69 /* LoginView.swift in Sources */ = {isa = PBXBuildFile; fileRef = B2C5DCE928C02E7D000A5C69 /* LoginView.swift */; };
		B2C5DCEC28C02E89000A5C69 /* RegistrationView.swift in Sources */ = {isa = PBXBuildFile; fileRef = B2C5DCEB28C02E89000A5C69 /* RegistrationView.swift */; };
		B2C5DCEE28C02E97000A5C69 /* ResetPasswordView.swift in Sources */ = {isa = PBXBuildFile; fileRef = B2C5DCED28C02E97000A5C69 /* ResetPasswordView.swift */; };
		B2C5DCF028C03458000A5C69 /* CustomTextField.swift in Sources */ = {isa = PBXBuildFile; fileRef = B2C5DCEF28C03458000A5C69 /* CustomTextField.swift */; };
		B2C5DCF228C0346A000A5C69 /* CustomSecureField.swift in Sources */ = {isa = PBXBuildFile; fileRef = B2C5DCF128C0346A000A5C69 /* CustomSecureField.swift */; };
		B2C76D0928C6C42600D31C2D /* ProfileViewModel.swift in Sources */ = {isa = PBXBuildFile; fileRef = B2C76D0828C6C42600D31C2D /* ProfileViewModel.swift */; };
		B2C76D0B28C6CC9700D31C2D /* UserService.swift in Sources */ = {isa = PBXBuildFile; fileRef = B2C76D0A28C6CC9700D31C2D /* UserService.swift */; };
		B2C7ABBC28C0E23D0012E0FA /* GoogleService-Info.plist in Resources */ = {isa = PBXBuildFile; fileRef = B2C7ABBB28C0E23D0012E0FA /* GoogleService-Info.plist */; };
		B2C82CD628C54FCC00243D75 /* Kingfisher in Frameworks */ = {isa = PBXBuildFile; productRef = B2C82CD528C54FCC00243D75 /* Kingfisher */; };
		B2CCDC4528BD7A710030E0E6 /* FeedCell.swift in Sources */ = {isa = PBXBuildFile; fileRef = B2CCDC4428BD7A710030E0E6 /* FeedCell.swift */; };
		B2DC1D8128C3974C00233D2F /* ImageUploader.swift in Sources */ = {isa = PBXBuildFile; fileRef = B2DC1D8028C3974C00233D2F /* ImageUploader.swift */; };
		B2DD3FC528CAC1510094D16D /* FeedCellViewModel.swift in Sources */ = {isa = PBXBuildFile; fileRef = B2DD3FC428CAC1510094D16D /* FeedCellViewModel.swift */; };
/* End PBXBuildFile section */

/* Begin PBXFileReference section */
		B2033C6128C186F900D69A6C /* AuthViewModel.swift */ = {isa = PBXFileReference; lastKnownFileType = sourcecode.swift; path = AuthViewModel.swift; sourceTree = "<group>"; };
		B266E5A928CA38B3006673CE /* UploadPostViewModel.swift */ = {isa = PBXFileReference; fileEncoding = 4; lastKnownFileType = sourcecode.swift; path = UploadPostViewModel.swift; sourceTree = "<group>"; };
		B266E5AB28CA38FA006673CE /* SearchViewModel.swift */ = {isa = PBXFileReference; fileEncoding = 4; lastKnownFileType = sourcecode.swift; path = SearchViewModel.swift; sourceTree = "<group>"; };
		B289D89B28BCE62C00BDB10F /* InstagramSwiftUI.app */ = {isa = PBXFileReference; explicitFileType = wrapper.application; includeInIndex = 0; path = InstagramSwiftUI.app; sourceTree = BUILT_PRODUCTS_DIR; };
		B289D89E28BCE62C00BDB10F /* InstagramSwiftUIApp.swift */ = {isa = PBXFileReference; lastKnownFileType = sourcecode.swift; path = InstagramSwiftUIApp.swift; sourceTree = "<group>"; };
		B289D8A228BCE62F00BDB10F /* Assets.xcassets */ = {isa = PBXFileReference; lastKnownFileType = folder.assetcatalog; path = Assets.xcassets; sourceTree = "<group>"; };
		B289D8A528BCE62F00BDB10F /* Preview Assets.xcassets */ = {isa = PBXFileReference; lastKnownFileType = folder.assetcatalog; path = "Preview Assets.xcassets"; sourceTree = "<group>"; };
		B289D8B628BCE75400BDB10F /* ContentView.swift */ = {isa = PBXFileReference; lastKnownFileType = sourcecode.swift; path = ContentView.swift; sourceTree = "<group>"; };
		B289D8C328BCEB5D00BDB10F /* MainTabView.swift */ = {isa = PBXFileReference; lastKnownFileType = sourcecode.swift; path = MainTabView.swift; sourceTree = "<group>"; };
		B289D8C528BCEB9B00BDB10F /* FeedView.swift */ = {isa = PBXFileReference; lastKnownFileType = sourcecode.swift; path = FeedView.swift; sourceTree = "<group>"; };
		B289D8C828BCEBF200BDB10F /* SearchView.swift */ = {isa = PBXFileReference; lastKnownFileType = sourcecode.swift; path = SearchView.swift; sourceTree = "<group>"; };
		B289D8CA28BCEC0800BDB10F /* NotificationsView.swift */ = {isa = PBXFileReference; lastKnownFileType = sourcecode.swift; path = NotificationsView.swift; sourceTree = "<group>"; };
		B289D8CD28BCEC2A00BDB10F /* ProfileView.swift */ = {isa = PBXFileReference; lastKnownFileType = sourcecode.swift; path = ProfileView.swift; sourceTree = "<group>"; };
		B289D8CF28BCEC4800BDB10F /* UploadPostView.swift */ = {isa = PBXFileReference; lastKnownFileType = sourcecode.swift; path = UploadPostView.swift; sourceTree = "<group>"; };
		B2AE57E328CB685100322D08 /* Comment.swift */ = {isa = PBXFileReference; lastKnownFileType = sourcecode.swift; path = Comment.swift; sourceTree = "<group>"; };
		B2AE57E528CB685F00322D08 /* CommentsView.swift */ = {isa = PBXFileReference; lastKnownFileType = sourcecode.swift; path = CommentsView.swift; sourceTree = "<group>"; };
		B2AE57E728CB687B00322D08 /* CommentCell.swift */ = {isa = PBXFileReference; lastKnownFileType = sourcecode.swift; path = CommentCell.swift; sourceTree = "<group>"; };
		B2AE57E928CB689300322D08 /* CommentViewModel.swift */ = {isa = PBXFileReference; lastKnownFileType = sourcecode.swift; path = CommentViewModel.swift; sourceTree = "<group>"; };
		B2AE57EB28CB6D0900322D08 /* CustomerInputView.swift */ = {isa = PBXFileReference; lastKnownFileType = sourcecode.swift; path = CustomerInputView.swift; sourceTree = "<group>"; };
		B2B8D99E28BED45B008907A5 /* Extensions.swift */ = {isa = PBXFileReference; lastKnownFileType = sourcecode.swift; path = Extensions.swift; sourceTree = "<group>"; };
		B2B8D9A228BEDC50008907A5 /* NotificationCell.swift */ = {isa = PBXFileReference; lastKnownFileType = sourcecode.swift; path = NotificationCell.swift; sourceTree = "<group>"; };
		B2B8D9A428BEDFD6008907A5 /* ProfileHeaderView.swift */ = {isa = PBXFileReference; lastKnownFileType = sourcecode.swift; path = ProfileHeaderView.swift; sourceTree = "<group>"; };
		B2B8D9A628BEE517008907A5 /* UserStatView.swift */ = {isa = PBXFileReference; lastKnownFileType = sourcecode.swift; path = UserStatView.swift; sourceTree = "<group>"; };
		B2B8D9A828BEE6E6008907A5 /* ProfileActionButtonView.swift */ = {isa = PBXFileReference; lastKnownFileType = sourcecode.swift; path = ProfileActionButtonView.swift; sourceTree = "<group>"; };
		B2B9778D28CC07BE002FF00B /* Notification.swift */ = {isa = PBXFileReference; lastKnownFileType = sourcecode.swift; path = Notification.swift; sourceTree = "<group>"; };
		B2B9778F28CC0C26002FF00B /* NotificationsViewModel.swift */ = {isa = PBXFileReference; lastKnownFileType = sourcecode.swift; path = NotificationsViewModel.swift; sourceTree = "<group>"; };
		B2BC9CD728C4C88900251D40 /* Constants.swift */ = {isa = PBXFileReference; lastKnownFileType = sourcecode.swift; path = Constants.swift; sourceTree = "<group>"; };
		B2BC9CD928C4CCFA00251D40 /* User.swift */ = {isa = PBXFileReference; lastKnownFileType = sourcecode.swift; path = User.swift; sourceTree = "<group>"; };
		B2BFEFAC28CA1C3300C001AF /* PostGridViewModel.swift */ = {isa = PBXFileReference; lastKnownFileType = sourcecode.swift; path = PostGridViewModel.swift; sourceTree = "<group>"; };
		B2C0BBBA28BF81B3007F5A83 /* ImagePicker.swift */ = {isa = PBXFileReference; lastKnownFileType = sourcecode.swift; path = ImagePicker.swift; sourceTree = "<group>"; };
		B2C1810C28C8A139000B8A75 /* TextArea.swift */ = {isa = PBXFileReference; lastKnownFileType = sourcecode.swift; path = TextArea.swift; sourceTree = "<group>"; };
		B2C1810E28C8A8AA000B8A75 /* Post.swift */ = {isa = PBXFileReference; lastKnownFileType = sourcecode.swift; path = Post.swift; sourceTree = "<group>"; };
		B2C1811028C8AA32000B8A75 /* FeedViewModel.swift */ = {isa = PBXFileReference; lastKnownFileType = sourcecode.swift; path = FeedViewModel.swift; sourceTree = "<group>"; };
		B2C384DB28BE3A1800D64F72 /* SearchBar.swift */ = {isa = PBXFileReference; lastKnownFileType = sourcecode.swift; path = SearchBar.swift; sourceTree = "<group>"; };
		B2C384DD28BE3CA000D64F72 /* PostGridView.swift */ = {isa = PBXFileReference; lastKnownFileType = sourcecode.swift; path = PostGridView.swift; sourceTree = "<group>"; };
		B2C384DF28BE3E7F00D64F72 /* UsersCell.swift */ = {isa = PBXFileReference; lastKnownFileType = sourcecode.swift; path = UsersCell.swift; sourceTree = "<group>"; };
		B2C384E128BE3E8F00D64F72 /* UserListView.swift */ = {isa = PBXFileReference; lastKnownFileType = sourcecode.swift; path = UserListView.swift; sourceTree = "<group>"; };
		B2C5DCE928C02E7D000A5C69 /* LoginView.swift */ = {isa = PBXFileReference; lastKnownFileType = sourcecode.swift; path = LoginView.swift; sourceTree = "<group>"; };
		B2C5DCEB28C02E89000A5C69 /* RegistrationView.swift */ = {isa = PBXFileReference; lastKnownFileType = sourcecode.swift; path = RegistrationView.swift; sourceTree = "<group>"; };
		B2C5DCED28C02E97000A5C69 /* ResetPasswordView.swift */ = {isa = PBXFileReference; lastKnownFileType = sourcecode.swift; path = ResetPasswordView.swift; sourceTree = "<group>"; };
		B2C5DCEF28C03458000A5C69 /* CustomTextField.swift */ = {isa = PBXFileReference; lastKnownFileType = sourcecode.swift; path = CustomTextField.swift; sourceTree = "<group>"; };
		B2C5DCF128C0346A000A5C69 /* CustomSecureField.swift */ = {isa = PBXFileReference; lastKnownFileType = sourcecode.swift; path = CustomSecureField.swift; sourceTree = "<group>"; };
		B2C76D0828C6C42600D31C2D /* ProfileViewModel.swift */ = {isa = PBXFileReference; lastKnownFileType = sourcecode.swift; path = ProfileViewModel.swift; sourceTree = "<group>"; };
		B2C76D0A28C6CC9700D31C2D /* UserService.swift */ = {isa = PBXFileReference; lastKnownFileType = sourcecode.swift; path = UserService.swift; sourceTree = "<group>"; };
		B2C7ABBB28C0E23D0012E0FA /* GoogleService-Info.plist */ = {isa = PBXFileReference; lastKnownFileType = text.plist; path = "GoogleService-Info.plist"; sourceTree = SOURCE_ROOT; };
		B2CCDC4428BD7A710030E0E6 /* FeedCell.swift */ = {isa = PBXFileReference; lastKnownFileType = sourcecode.swift; path = FeedCell.swift; sourceTree = "<group>"; };
		B2DC1D8028C3974C00233D2F /* ImageUploader.swift */ = {isa = PBXFileReference; lastKnownFileType = sourcecode.swift; path = ImageUploader.swift; sourceTree = "<group>"; };
		B2DD3FC428CAC1510094D16D /* FeedCellViewModel.swift */ = {isa = PBXFileReference; lastKnownFileType = sourcecode.swift; path = FeedCellViewModel.swift; sourceTree = "<group>"; };
/* End PBXFileReference section */

/* Begin PBXFrameworksBuildPhase section */
		B289D89828BCE62C00BDB10F /* Frameworks */ = {
			isa = PBXFrameworksBuildPhase;
			buildActionMask = 2147483647;
			files = (
				B2BC9CE528C4D22F00251D40 /* FirebaseMessaging in Frameworks */,
				B2BC9CDD28C4D22F00251D40 /* FirebaseAuth in Frameworks */,
				B2BC9CE328C4D22F00251D40 /* FirebaseFunctions in Frameworks */,
				B2BC9CE728C4D22F00251D40 /* FirebaseStorage in Frameworks */,
				B2C82CD628C54FCC00243D75 /* Kingfisher in Frameworks */,
				B2BC9CDF28C4D22F00251D40 /* FirebaseFirestore in Frameworks */,
				B2BC9CE128C4D22F00251D40 /* FirebaseFirestoreSwift in Frameworks */,
				B2BC9CEA28C4D41100251D40 /* FirebaseAuth in Frameworks */,
			);
			runOnlyForDeploymentPostprocessing = 0;
		};
/* End PBXFrameworksBuildPhase section */

/* Begin PBXGroup section */
		B289D89228BCE62C00BDB10F = {
			isa = PBXGroup;
			children = (
				B289D89D28BCE62C00BDB10F /* InstagramSwiftUI */,
				B289D89C28BCE62C00BDB10F /* Products */,
			);
			sourceTree = "<group>";
		};
		B289D89C28BCE62C00BDB10F /* Products */ = {
			isa = PBXGroup;
			children = (
				B289D89B28BCE62C00BDB10F /* InstagramSwiftUI.app */,
			);
			name = Products;
			sourceTree = "<group>";
		};
		B289D89D28BCE62C00BDB10F /* InstagramSwiftUI */ = {
			isa = PBXGroup;
			children = (
				B289D8AC28BCE69700BDB10F /* Model */,
				B289D8B428BCE6E000BDB10F /* View */,
				B289D8B328BCE6DD00BDB10F /* ViewModel */,
				B289D8B228BCE6DB00BDB10F /* API */,
				B289D8B128BCE6DA00BDB10F /* Utils */,
				B289D89E28BCE62C00BDB10F /* InstagramSwiftUIApp.swift */,
				B2C7ABBB28C0E23D0012E0FA /* GoogleService-Info.plist */,
				B289D8A228BCE62F00BDB10F /* Assets.xcassets */,
				B289D8A428BCE62F00BDB10F /* Preview Content */,
			);
			path = InstagramSwiftUI;
			sourceTree = "<group>";
		};
		B289D8A428BCE62F00BDB10F /* Preview Content */ = {
			isa = PBXGroup;
			children = (
				B289D8A528BCE62F00BDB10F /* Preview Assets.xcassets */,
			);
			path = "Preview Content";
			sourceTree = "<group>";
		};
		B289D8AC28BCE69700BDB10F /* Model */ = {
			isa = PBXGroup;
			children = (
				B2BC9CD928C4CCFA00251D40 /* User.swift */,
				B2C1810E28C8A8AA000B8A75 /* Post.swift */,
				B2AE57E328CB685100322D08 /* Comment.swift */,
				B2B9778D28CC07BE002FF00B /* Notification.swift */,
			);
			path = Model;
			sourceTree = "<group>";
		};
		B289D8B128BCE6DA00BDB10F /* Utils */ = {
			isa = PBXGroup;
			children = (
				B2B8D99E28BED45B008907A5 /* Extensions.swift */,
				B2C0BBBA28BF81B3007F5A83 /* ImagePicker.swift */,
				B2C5DCEF28C03458000A5C69 /* CustomTextField.swift */,
				B2C5DCF128C0346A000A5C69 /* CustomSecureField.swift */,
				B2BC9CD728C4C88900251D40 /* Constants.swift */,
				B2C1810C28C8A139000B8A75 /* TextArea.swift */,
			);
			path = Utils;
			sourceTree = "<group>";
		};
		B289D8B228BCE6DB00BDB10F /* API */ = {
			isa = PBXGroup;
			children = (
				B2DC1D8028C3974C00233D2F /* ImageUploader.swift */,
				B2C76D0A28C6CC9700D31C2D /* UserService.swift */,
			);
			path = API;
			sourceTree = "<group>";
		};
		B289D8B328BCE6DD00BDB10F /* ViewModel */ = {
			isa = PBXGroup;
			children = (
				B289D8C228BCE7F900BDB10F /* Profile */,
				B289D8C128BCE7EF00BDB10F /* Authentication */,
				B289D8C028BCE7E800BDB10F /* Notifications */,
				B289D8BF28BCE7E300BDB10F /* Feed */,
				B266E5A928CA38B3006673CE /* UploadPostViewModel.swift */,
				B266E5AB28CA38FA006673CE /* SearchViewModel.swift */,
				B2BFEFAC28CA1C3300C001AF /* PostGridViewModel.swift */,
				B2AE57E928CB689300322D08 /* CommentViewModel.swift */,
			);
			path = ViewModel;
			sourceTree = "<group>";
		};
		B289D8B428BCE6E000BDB10F /* View */ = {
			isa = PBXGroup;
			children = (
				B289D8BE28BCE7A200BDB10F /* Items */,
				B289D8BD28BCE79400BDB10F /* Authentication */,
				B289D8BC28BCE78D00BDB10F /* Notifications */,
				B289D8C728BCEBDA00BDB10F /* Search */,
				B289D8BB28BCE78700BDB10F /* Comments */,
				B289D8BA28BCE78000BDB10F /* Feed */,
				B289D8B928BCE77B00BDB10F /* Profile */,
				B289D8B828BCE77100BDB10F /* UploadPost */,
				B289D8B528BCE74800BDB10F /* Main */,
			);
			path = View;
			sourceTree = "<group>";
		};
		B289D8B528BCE74800BDB10F /* Main */ = {
			isa = PBXGroup;
			children = (
				B289D8B628BCE75400BDB10F /* ContentView.swift */,
				B289D8C328BCEB5D00BDB10F /* MainTabView.swift */,
			);
			path = Main;
			sourceTree = "<group>";
		};
		B289D8B828BCE77100BDB10F /* UploadPost */ = {
			isa = PBXGroup;
			children = (
				B289D8CF28BCEC4800BDB10F /* UploadPostView.swift */,
			);
			path = UploadPost;
			sourceTree = "<group>";
		};
		B289D8B928BCE77B00BDB10F /* Profile */ = {
			isa = PBXGroup;
			children = (
				B289D8CD28BCEC2A00BDB10F /* ProfileView.swift */,
				B2B8D9A428BEDFD6008907A5 /* ProfileHeaderView.swift */,
				B2B8D9A628BEE517008907A5 /* UserStatView.swift */,
				B2B8D9A828BEE6E6008907A5 /* ProfileActionButtonView.swift */,
			);
			path = Profile;
			sourceTree = "<group>";
		};
		B289D8BA28BCE78000BDB10F /* Feed */ = {
			isa = PBXGroup;
			children = (
				B289D8C528BCEB9B00BDB10F /* FeedView.swift */,
				B2CCDC4428BD7A710030E0E6 /* FeedCell.swift */,
			);
			path = Feed;
			sourceTree = "<group>";
		};
		B289D8BB28BCE78700BDB10F /* Comments */ = {
			isa = PBXGroup;
			children = (
				B2AE57E528CB685F00322D08 /* CommentsView.swift */,
				B2AE57E728CB687B00322D08 /* CommentCell.swift */,
			);
			path = Comments;
			sourceTree = "<group>";
		};
		B289D8BC28BCE78D00BDB10F /* Notifications */ = {
			isa = PBXGroup;
			children = (
				B289D8CA28BCEC0800BDB10F /* NotificationsView.swift */,
				B2B8D9A228BEDC50008907A5 /* NotificationCell.swift */,
			);
			path = Notifications;
			sourceTree = "<group>";
		};
		B289D8BD28BCE79400BDB10F /* Authentication */ = {
			isa = PBXGroup;
			children = (
				B2C5DCE928C02E7D000A5C69 /* LoginView.swift */,
				B2C5DCEB28C02E89000A5C69 /* RegistrationView.swift */,
				B2C5DCED28C02E97000A5C69 /* ResetPasswordView.swift */,
			);
			path = Authentication;
			sourceTree = "<group>";
		};
		B289D8BE28BCE7A200BDB10F /* Items */ = {
			isa = PBXGroup;
			children = (
				B2C384DD28BE3CA000D64F72 /* PostGridView.swift */,
				B2C384DF28BE3E7F00D64F72 /* UsersCell.swift */,
				B2C384E128BE3E8F00D64F72 /* UserListView.swift */,
				B2AE57EB28CB6D0900322D08 /* CustomerInputView.swift */,
			);
			path = Items;
			sourceTree = "<group>";
		};
		B289D8BF28BCE7E300BDB10F /* Feed */ = {
			isa = PBXGroup;
			children = (
				B2C1811028C8AA32000B8A75 /* FeedViewModel.swift */,
				B2DD3FC428CAC1510094D16D /* FeedCellViewModel.swift */,
			);
			path = Feed;
			sourceTree = "<group>";
		};
		B289D8C028BCE7E800BDB10F /* Notifications */ = {
			isa = PBXGroup;
			children = (
				B2B9778F28CC0C26002FF00B /* NotificationsViewModel.swift */,
			);
			path = Notifications;
			sourceTree = "<group>";
		};
		B289D8C128BCE7EF00BDB10F /* Authentication */ = {
			isa = PBXGroup;
			children = (
				B2033C6128C186F900D69A6C /* AuthViewModel.swift */,
			);
			path = Authentication;
			sourceTree = "<group>";
		};
		B289D8C228BCE7F900BDB10F /* Profile */ = {
			isa = PBXGroup;
			children = (
				B2C76D0828C6C42600D31C2D /* ProfileViewModel.swift */,
			);
			path = Profile;
			sourceTree = "<group>";
		};
		B289D8C728BCEBDA00BDB10F /* Search */ = {
			isa = PBXGroup;
			children = (
				B289D8C828BCEBF200BDB10F /* SearchView.swift */,
				B2C384DB28BE3A1800D64F72 /* SearchBar.swift */,
			);
			path = Search;
			sourceTree = "<group>";
		};
/* End PBXGroup section */

/* Begin PBXNativeTarget section */
		B289D89A28BCE62C00BDB10F /* InstagramSwiftUI */ = {
			isa = PBXNativeTarget;
			buildConfigurationList = B289D8A928BCE62F00BDB10F /* Build configuration list for PBXNativeTarget "InstagramSwiftUI" */;
			buildPhases = (
				B289D89728BCE62C00BDB10F /* Sources */,
				B289D89828BCE62C00BDB10F /* Frameworks */,
				B289D89928BCE62C00BDB10F /* Resources */,
			);
			buildRules = (
			);
			dependencies = (
			);
			name = InstagramSwiftUI;
			packageProductDependencies = (
				B2BC9CDC28C4D22F00251D40 /* FirebaseAuth */,
				B2BC9CDE28C4D22F00251D40 /* FirebaseFirestore */,
				B2BC9CE028C4D22F00251D40 /* FirebaseFirestoreSwift */,
				B2BC9CE228C4D22F00251D40 /* FirebaseFunctions */,
				B2BC9CE428C4D22F00251D40 /* FirebaseMessaging */,
				B2BC9CE628C4D22F00251D40 /* FirebaseStorage */,
				B2BC9CE928C4D41100251D40 /* FirebaseAuth */,
				B2C82CD528C54FCC00243D75 /* Kingfisher */,
			);
			productName = InstagramSwiftUI;
			productReference = B289D89B28BCE62C00BDB10F /* InstagramSwiftUI.app */;
			productType = "com.apple.product-type.application";
		};
/* End PBXNativeTarget section */

/* Begin PBXProject section */
		B289D89328BCE62C00BDB10F /* Project object */ = {
			isa = PBXProject;
			attributes = {
				BuildIndependentTargetsInParallel = 1;
				LastSwiftUpdateCheck = 1340;
				LastUpgradeCheck = 1340;
				TargetAttributes = {
					B289D89A28BCE62C00BDB10F = {
						CreatedOnToolsVersion = 13.4.1;
					};
				};
			};
			buildConfigurationList = B289D89628BCE62C00BDB10F /* Build configuration list for PBXProject "InstagramSwiftUI" */;
			compatibilityVersion = "Xcode 13.0";
			developmentRegion = en;
			hasScannedForEncodings = 0;
			knownRegions = (
				en,
				Base,
			);
			mainGroup = B289D89228BCE62C00BDB10F;
			packageReferences = (
				B2BC9CDB28C4D22F00251D40 /* XCRemoteSwiftPackageReference "firebase-ios-sdk" */,
				B2C82CD428C54FCC00243D75 /* XCRemoteSwiftPackageReference "Kingfisher" */,
			);
			productRefGroup = B289D89C28BCE62C00BDB10F /* Products */;
			projectDirPath = "";
			projectRoot = "";
			targets = (
				B289D89A28BCE62C00BDB10F /* InstagramSwiftUI */,
			);
		};
/* End PBXProject section */

/* Begin PBXResourcesBuildPhase section */
		B289D89928BCE62C00BDB10F /* Resources */ = {
			isa = PBXResourcesBuildPhase;
			buildActionMask = 2147483647;
			files = (
				B289D8A628BCE62F00BDB10F /* Preview Assets.xcassets in Resources */,
				B289D8A328BCE62F00BDB10F /* Assets.xcassets in Resources */,
				B2C7ABBC28C0E23D0012E0FA /* GoogleService-Info.plist in Resources */,
			);
			runOnlyForDeploymentPostprocessing = 0;
		};
/* End PBXResourcesBuildPhase section */

/* Begin PBXSourcesBuildPhase section */
		B289D89728BCE62C00BDB10F /* Sources */ = {
			isa = PBXSourcesBuildPhase;
			buildActionMask = 2147483647;
			files = (
				B2C1811128C8AA32000B8A75 /* FeedViewModel.swift in Sources */,
				B289D8C928BCEBF200BDB10F /* SearchView.swift in Sources */,
				B289D8C628BCEB9B00BDB10F /* FeedView.swift in Sources */,
				B2C384DE28BE3CA000D64F72 /* PostGridView.swift in Sources */,
				B2C5DCEC28C02E89000A5C69 /* RegistrationView.swift in Sources */,
				B2B9779028CC0C26002FF00B /* NotificationsViewModel.swift in Sources */,
				B2C5DCF028C03458000A5C69 /* CustomTextField.swift in Sources */,
				B266E5AC28CA38FA006673CE /* SearchViewModel.swift in Sources */,
				B2DC1D8128C3974C00233D2F /* ImageUploader.swift in Sources */,
				B289D89F28BCE62C00BDB10F /* InstagramSwiftUIApp.swift in Sources */,
				B2C384E028BE3E7F00D64F72 /* UsersCell.swift in Sources */,
				B289D8B728BCE75400BDB10F /* ContentView.swift in Sources */,
				B2BFEFAD28CA1C3300C001AF /* PostGridViewModel.swift in Sources */,
				B266E5AA28CA38B3006673CE /* UploadPostViewModel.swift in Sources */,
				B2C5DCEE28C02E97000A5C69 /* ResetPasswordView.swift in Sources */,
				B2C1810D28C8A139000B8A75 /* TextArea.swift in Sources */,
				B2AE57EC28CB6D0900322D08 /* CustomerInputView.swift in Sources */,
				B2AE57EA28CB689300322D08 /* CommentViewModel.swift in Sources */,
				B2AE57E828CB687B00322D08 /* CommentCell.swift in Sources */,
				B289D8C428BCEB5D00BDB10F /* MainTabView.swift in Sources */,
				B2C0BBBB28BF81B3007F5A83 /* ImagePicker.swift in Sources */,
				B2B8D9A528BEDFD6008907A5 /* ProfileHeaderView.swift in Sources */,
				B2C76D0B28C6CC9700D31C2D /* UserService.swift in Sources */,
				B289D8D028BCEC4800BDB10F /* UploadPostView.swift in Sources */,
				B2B8D9A728BEE517008907A5 /* UserStatView.swift in Sources */,
				B2CCDC4528BD7A710030E0E6 /* FeedCell.swift in Sources */,
				B2C384DC28BE3A1800D64F72 /* SearchBar.swift in Sources */,
				B2AE57E628CB685F00322D08 /* CommentsView.swift in Sources */,
				B2DD3FC528CAC1510094D16D /* FeedCellViewModel.swift in Sources */,
				B2C5DCF228C0346A000A5C69 /* CustomSecureField.swift in Sources */,
				B2C1810F28C8A8AA000B8A75 /* Post.swift in Sources */,
				B289D8CE28BCEC2A00BDB10F /* ProfileView.swift in Sources */,
				B289D8CB28BCEC0800BDB10F /* NotificationsView.swift in Sources */,
				B2BC9CDA28C4CCFA00251D40 /* User.swift in Sources */,
				B2B8D9A928BEE6E6008907A5 /* ProfileActionButtonView.swift in Sources */,
				B2033C6228C186F900D69A6C /* AuthViewModel.swift in Sources */,
				B2C76D0928C6C42600D31C2D /* ProfileViewModel.swift in Sources */,
				B2C384E228BE3E8F00D64F72 /* UserListView.swift in Sources */,
				B2B8D9A328BEDC50008907A5 /* NotificationCell.swift in Sources */,
				B2C5DCEA28C02E7D000A5C69 /* LoginView.swift in Sources */,
				B2B9778E28CC07BE002FF00B /* Notification.swift in Sources */,
				B2AE57E428CB685100322D08 /* Comment.swift in Sources */,
				B2B8D99F28BED45B008907A5 /* Extensions.swift in Sources */,
				B2BC9CD828C4C88900251D40 /* Constants.swift in Sources */,
			);
			runOnlyForDeploymentPostprocessing = 0;
		};
/* End PBXSourcesBuildPhase section */

/* Begin XCBuildConfiguration section */
		B289D8A728BCE62F00BDB10F /* Debug */ = {
			isa = XCBuildConfiguration;
			buildSettings = {
				ALWAYS_SEARCH_USER_PATHS = NO;
				CLANG_ANALYZER_NONNULL = YES;
				CLANG_ANALYZER_NUMBER_OBJECT_CONVERSION = YES_AGGRESSIVE;
				CLANG_CXX_LANGUAGE_STANDARD = "gnu++17";
				CLANG_ENABLE_MODULES = YES;
				CLANG_ENABLE_OBJC_ARC = YES;
				CLANG_ENABLE_OBJC_WEAK = YES;
				CLANG_WARN_BLOCK_CAPTURE_AUTORELEASING = YES;
				CLANG_WARN_BOOL_CONVERSION = YES;
				CLANG_WARN_COMMA = YES;
				CLANG_WARN_CONSTANT_CONVERSION = YES;
				CLANG_WARN_DEPRECATED_OBJC_IMPLEMENTATIONS = YES;
				CLANG_WARN_DIRECT_OBJC_ISA_USAGE = YES_ERROR;
				CLANG_WARN_DOCUMENTATION_COMMENTS = YES;
				CLANG_WARN_EMPTY_BODY = YES;
				CLANG_WARN_ENUM_CONVERSION = YES;
				CLANG_WARN_INFINITE_RECURSION = YES;
				CLANG_WARN_INT_CONVERSION = YES;
				CLANG_WARN_NON_LITERAL_NULL_CONVERSION = YES;
				CLANG_WARN_OBJC_IMPLICIT_RETAIN_SELF = YES;
				CLANG_WARN_OBJC_LITERAL_CONVERSION = YES;
				CLANG_WARN_OBJC_ROOT_CLASS = YES_ERROR;
				CLANG_WARN_QUOTED_INCLUDE_IN_FRAMEWORK_HEADER = YES;
				CLANG_WARN_RANGE_LOOP_ANALYSIS = YES;
				CLANG_WARN_STRICT_PROTOTYPES = YES;
				CLANG_WARN_SUSPICIOUS_MOVE = YES;
				CLANG_WARN_UNGUARDED_AVAILABILITY = YES_AGGRESSIVE;
				CLANG_WARN_UNREACHABLE_CODE = YES;
				CLANG_WARN__DUPLICATE_METHOD_MATCH = YES;
				COPY_PHASE_STRIP = NO;
				DEBUG_INFORMATION_FORMAT = dwarf;
				ENABLE_STRICT_OBJC_MSGSEND = YES;
				ENABLE_TESTABILITY = YES;
				GCC_C_LANGUAGE_STANDARD = gnu11;
				GCC_DYNAMIC_NO_PIC = NO;
				GCC_NO_COMMON_BLOCKS = YES;
				GCC_OPTIMIZATION_LEVEL = 0;
				GCC_PREPROCESSOR_DEFINITIONS = (
					"DEBUG=1",
					"$(inherited)",
				);
				GCC_WARN_64_TO_32_BIT_CONVERSION = YES;
				GCC_WARN_ABOUT_RETURN_TYPE = YES_ERROR;
				GCC_WARN_UNDECLARED_SELECTOR = YES;
				GCC_WARN_UNINITIALIZED_AUTOS = YES_AGGRESSIVE;
				GCC_WARN_UNUSED_FUNCTION = YES;
				GCC_WARN_UNUSED_VARIABLE = YES;
				IPHONEOS_DEPLOYMENT_TARGET = 15.5;
				MTL_ENABLE_DEBUG_INFO = INCLUDE_SOURCE;
				MTL_FAST_MATH = YES;
				ONLY_ACTIVE_ARCH = YES;
				SDKROOT = iphoneos;
				SWIFT_ACTIVE_COMPILATION_CONDITIONS = DEBUG;
				SWIFT_OPTIMIZATION_LEVEL = "-Onone";
			};
			name = Debug;
		};
		B289D8A828BCE62F00BDB10F /* Release */ = {
			isa = XCBuildConfiguration;
			buildSettings = {
				ALWAYS_SEARCH_USER_PATHS = NO;
				CLANG_ANALYZER_NONNULL = YES;
				CLANG_ANALYZER_NUMBER_OBJECT_CONVERSION = YES_AGGRESSIVE;
				CLANG_CXX_LANGUAGE_STANDARD = "gnu++17";
				CLANG_ENABLE_MODULES = YES;
				CLANG_ENABLE_OBJC_ARC = YES;
				CLANG_ENABLE_OBJC_WEAK = YES;
				CLANG_WARN_BLOCK_CAPTURE_AUTORELEASING = YES;
				CLANG_WARN_BOOL_CONVERSION = YES;
				CLANG_WARN_COMMA = YES;
				CLANG_WARN_CONSTANT_CONVERSION = YES;
				CLANG_WARN_DEPRECATED_OBJC_IMPLEMENTATIONS = YES;
				CLANG_WARN_DIRECT_OBJC_ISA_USAGE = YES_ERROR;
				CLANG_WARN_DOCUMENTATION_COMMENTS = YES;
				CLANG_WARN_EMPTY_BODY = YES;
				CLANG_WARN_ENUM_CONVERSION = YES;
				CLANG_WARN_INFINITE_RECURSION = YES;
				CLANG_WARN_INT_CONVERSION = YES;
				CLANG_WARN_NON_LITERAL_NULL_CONVERSION = YES;
				CLANG_WARN_OBJC_IMPLICIT_RETAIN_SELF = YES;
				CLANG_WARN_OBJC_LITERAL_CONVERSION = YES;
				CLANG_WARN_OBJC_ROOT_CLASS = YES_ERROR;
				CLANG_WARN_QUOTED_INCLUDE_IN_FRAMEWORK_HEADER = YES;
				CLANG_WARN_RANGE_LOOP_ANALYSIS = YES;
				CLANG_WARN_STRICT_PROTOTYPES = YES;
				CLANG_WARN_SUSPICIOUS_MOVE = YES;
				CLANG_WARN_UNGUARDED_AVAILABILITY = YES_AGGRESSIVE;
				CLANG_WARN_UNREACHABLE_CODE = YES;
				CLANG_WARN__DUPLICATE_METHOD_MATCH = YES;
				COPY_PHASE_STRIP = NO;
				DEBUG_INFORMATION_FORMAT = "dwarf-with-dsym";
				ENABLE_NS_ASSERTIONS = NO;
				ENABLE_STRICT_OBJC_MSGSEND = YES;
				GCC_C_LANGUAGE_STANDARD = gnu11;
				GCC_NO_COMMON_BLOCKS = YES;
				GCC_WARN_64_TO_32_BIT_CONVERSION = YES;
				GCC_WARN_ABOUT_RETURN_TYPE = YES_ERROR;
				GCC_WARN_UNDECLARED_SELECTOR = YES;
				GCC_WARN_UNINITIALIZED_AUTOS = YES_AGGRESSIVE;
				GCC_WARN_UNUSED_FUNCTION = YES;
				GCC_WARN_UNUSED_VARIABLE = YES;
				IPHONEOS_DEPLOYMENT_TARGET = 15.5;
				MTL_ENABLE_DEBUG_INFO = NO;
				MTL_FAST_MATH = YES;
				SDKROOT = iphoneos;
				SWIFT_COMPILATION_MODE = wholemodule;
				SWIFT_OPTIMIZATION_LEVEL = "-O";
				VALIDATE_PRODUCT = YES;
			};
			name = Release;
		};
		B289D8AA28BCE62F00BDB10F /* Debug */ = {
			isa = XCBuildConfiguration;
			buildSettings = {
				ASSETCATALOG_COMPILER_APPICON_NAME = AppIcon;
				ASSETCATALOG_COMPILER_GLOBAL_ACCENT_COLOR_NAME = AccentColor;
				CODE_SIGN_STYLE = Automatic;
				CURRENT_PROJECT_VERSION = 1;
				DEVELOPMENT_ASSET_PATHS = "\"InstagramSwiftUI/Preview Content\"";
				DEVELOPMENT_TEAM = 7R3HZ53HFV;
				ENABLE_PREVIEWS = YES;
				GENERATE_INFOPLIST_FILE = YES;
				INFOPLIST_KEY_UIApplicationSceneManifest_Generation = YES;
				INFOPLIST_KEY_UIApplicationSupportsIndirectInputEvents = YES;
				INFOPLIST_KEY_UILaunchScreen_Generation = YES;
				INFOPLIST_KEY_UISupportedInterfaceOrientations_iPad = "UIInterfaceOrientationPortrait UIInterfaceOrientationPortraitUpsideDown UIInterfaceOrientationLandscapeLeft UIInterfaceOrientationLandscapeRight";
				INFOPLIST_KEY_UISupportedInterfaceOrientations_iPhone = "UIInterfaceOrientationPortrait UIInterfaceOrientationLandscapeLeft UIInterfaceOrientationLandscapeRight";
				LD_RUNPATH_SEARCH_PATHS = (
					"$(inherited)",
					"@executable_path/Frameworks",
				);
				MARKETING_VERSION = 1.0;
				PRODUCT_BUNDLE_IDENTIFIER = com.camilo.InstagramSwiftUI;
				PRODUCT_NAME = "$(TARGET_NAME)";
				SWIFT_EMIT_LOC_STRINGS = YES;
				SWIFT_VERSION = 5.0;
				TARGETED_DEVICE_FAMILY = "1,2";
			};
			name = Debug;
		};
		B289D8AB28BCE62F00BDB10F /* Release */ = {
			isa = XCBuildConfiguration;
			buildSettings = {
				ASSETCATALOG_COMPILER_APPICON_NAME = AppIcon;
				ASSETCATALOG_COMPILER_GLOBAL_ACCENT_COLOR_NAME = AccentColor;
				CODE_SIGN_STYLE = Automatic;
				CURRENT_PROJECT_VERSION = 1;
				DEVELOPMENT_ASSET_PATHS = "\"InstagramSwiftUI/Preview Content\"";
				DEVELOPMENT_TEAM = 7R3HZ53HFV;
				ENABLE_PREVIEWS = YES;
				GENERATE_INFOPLIST_FILE = YES;
				INFOPLIST_KEY_UIApplicationSceneManifest_Generation = YES;
				INFOPLIST_KEY_UIApplicationSupportsIndirectInputEvents = YES;
				INFOPLIST_KEY_UILaunchScreen_Generation = YES;
				INFOPLIST_KEY_UISupportedInterfaceOrientations_iPad = "UIInterfaceOrientationPortrait UIInterfaceOrientationPortraitUpsideDown UIInterfaceOrientationLandscapeLeft UIInterfaceOrientationLandscapeRight";
				INFOPLIST_KEY_UISupportedInterfaceOrientations_iPhone = "UIInterfaceOrientationPortrait UIInterfaceOrientationLandscapeLeft UIInterfaceOrientationLandscapeRight";
				LD_RUNPATH_SEARCH_PATHS = (
					"$(inherited)",
					"@executable_path/Frameworks",
				);
				MARKETING_VERSION = 1.0;
				PRODUCT_BUNDLE_IDENTIFIER = com.camilo.InstagramSwiftUI;
				PRODUCT_NAME = "$(TARGET_NAME)";
				SWIFT_EMIT_LOC_STRINGS = YES;
				SWIFT_VERSION = 5.0;
				TARGETED_DEVICE_FAMILY = "1,2";
			};
			name = Release;
		};
/* End XCBuildConfiguration section */

/* Begin XCConfigurationList section */
		B289D89628BCE62C00BDB10F /* Build configuration list for PBXProject "InstagramSwiftUI" */ = {
			isa = XCConfigurationList;
			buildConfigurations = (
				B289D8A728BCE62F00BDB10F /* Debug */,
				B289D8A828BCE62F00BDB10F /* Release */,
			);
			defaultConfigurationIsVisible = 0;
			defaultConfigurationName = Release;
		};
		B289D8A928BCE62F00BDB10F /* Build configuration list for PBXNativeTarget "InstagramSwiftUI" */ = {
			isa = XCConfigurationList;
			buildConfigurations = (
				B289D8AA28BCE62F00BDB10F /* Debug */,
				B289D8AB28BCE62F00BDB10F /* Release */,
			);
			defaultConfigurationIsVisible = 0;
			defaultConfigurationName = Release;
		};
/* End XCConfigurationList section */

/* Begin XCRemoteSwiftPackageReference section */
		B2BC9CDB28C4D22F00251D40 /* XCRemoteSwiftPackageReference "firebase-ios-sdk" */ = {
			isa = XCRemoteSwiftPackageReference;
			repositoryURL = "https://github.com/firebase/firebase-ios-sdk";
			requirement = {
				branch = master;
				kind = branch;
			};
		};
		B2C82CD428C54FCC00243D75 /* XCRemoteSwiftPackageReference "Kingfisher" */ = {
			isa = XCRemoteSwiftPackageReference;
			repositoryURL = "https://github.com/onevcat/Kingfisher.git";
			requirement = {
				branch = master;
				kind = branch;
			};
		};
/* End XCRemoteSwiftPackageReference section */

/* Begin XCSwiftPackageProductDependency section */
		B2BC9CDC28C4D22F00251D40 /* FirebaseAuth */ = {
			isa = XCSwiftPackageProductDependency;
			package = B2BC9CDB28C4D22F00251D40 /* XCRemoteSwiftPackageReference "firebase-ios-sdk" */;
			productName = FirebaseAuth;
		};
		B2BC9CDE28C4D22F00251D40 /* FirebaseFirestore */ = {
			isa = XCSwiftPackageProductDependency;
			package = B2BC9CDB28C4D22F00251D40 /* XCRemoteSwiftPackageReference "firebase-ios-sdk" */;
			productName = FirebaseFirestore;
		};
		B2BC9CE028C4D22F00251D40 /* FirebaseFirestoreSwift */ = {
			isa = XCSwiftPackageProductDependency;
			package = B2BC9CDB28C4D22F00251D40 /* XCRemoteSwiftPackageReference "firebase-ios-sdk" */;
			productName = FirebaseFirestoreSwift;
		};
		B2BC9CE228C4D22F00251D40 /* FirebaseFunctions */ = {
			isa = XCSwiftPackageProductDependency;
			package = B2BC9CDB28C4D22F00251D40 /* XCRemoteSwiftPackageReference "firebase-ios-sdk" */;
			productName = FirebaseFunctions;
		};
		B2BC9CE428C4D22F00251D40 /* FirebaseMessaging */ = {
			isa = XCSwiftPackageProductDependency;
			package = B2BC9CDB28C4D22F00251D40 /* XCRemoteSwiftPackageReference "firebase-ios-sdk" */;
			productName = FirebaseMessaging;
		};
		B2BC9CE628C4D22F00251D40 /* FirebaseStorage */ = {
			isa = XCSwiftPackageProductDependency;
			package = B2BC9CDB28C4D22F00251D40 /* XCRemoteSwiftPackageReference "firebase-ios-sdk" */;
			productName = FirebaseStorage;
		};
		B2BC9CE928C4D41100251D40 /* FirebaseAuth */ = {
			isa = XCSwiftPackageProductDependency;
			package = B2BC9CDB28C4D22F00251D40 /* XCRemoteSwiftPackageReference "firebase-ios-sdk" */;
			productName = FirebaseAuth;
		};
		B2C82CD528C54FCC00243D75 /* Kingfisher */ = {
			isa = XCSwiftPackageProductDependency;
			package = B2C82CD428C54FCC00243D75 /* XCRemoteSwiftPackageReference "Kingfisher" */;
			productName = Kingfisher;
		};
/* End XCSwiftPackageProductDependency section */
	};
	rootObject = B289D89328BCE62C00BDB10F /* Project object */;
}
